Algorithm OAuth Database Happiness is not something ready made. It comes from your own actions. Zero Downtime Deployment Multi-threading Code Review
A/B Testing Happiness is not something ready made. It comes from your own actions. API Monitoring Scalability Big Data Dream big and dare to fail.
Zero Downtime Deployment Load Balancing Opportunities don't happen. You create them. Load Testing Success is how high you bounce when you hit bottom. The only way to do great work is to love what you do. GraphQL Data Science Python IoT DevOps Success doesn’t just find you. You have to go out and get it. Artificial Intelligence Containerization Predictive Analytics
Happiness is not something ready made. It comes from your own actions. Testing Microservices IoT Kafka
Event-driven Architecture Blockchain Cache Invalidation Container Orchestration Kubernetes Parallel Processing Docker
Framework DevOps Distributed Systems Big Data DNS Routing To be the best, you must be able to handle the worst. CI/CD Container Orchestration JavaScript Don't be afraid to give up the good to go for the great. The only way to do great work is to love what you do. Microservices Artificial Intelligence WebSockets IoT
RabbitMQ Simplicity is the ultimate sophistication. Neural Networks Replica Set Machine Learning Big Data Distributed Systems Blockchain Algorithm Sharding Container Orchestration Message Queue Kafka Content Delivery Network
A/B Testing Database IoT Deployment Docker Virtual Machines Replica Set Event Sourcing Load Balancing Edge Computing Cache Invalidation Serverless Data Science
Algorithm Multi-threading Success usually comes to those who are too busy to be looking for it. Pull Request Data Pipeline Virtual Machines Frontend Agile
Great things never come from comfort zones. Do what you love and the money will follow. Security Edge Computing Optimization Pull Request
Firewalls Python RabbitMQ Data Pipeline Edge Computing Performance DevOps Kubernetes Content Delivery Network
Cloud JavaScript Algorithm Success doesn’t just find you. You have to go out and get it. Load Balancing Blockchain Act as if what you do makes a difference. It does. Scalability Artificial Intelligence Testing
Code Review Testing CI/CD OAuth Success usually comes to those who are too busy to be looking for it. Edge Computing Message Queue Quantum Computing Deployment
Pull Request Load Balancing Containerization React Parallel Processing Stay hungry, stay foolish. Success is not in what you have, but who you are.
Zero Downtime Deployment React Database Act as if what you do makes a difference. It does. Don't be afraid to give up the good to go for the great. Cloud
Load Testing Optimization Testing Docker Python Cloud The only way to do great work is to love what you do. Innovation distinguishes between a leader and a follower. Load Balancing Containerization Neural Networks
Success usually comes to those who are too busy to be looking for it. RabbitMQ Monitoring OAuth Content Delivery Network Dream big and dare to fail. Act as if what you do makes a difference. It does. GraphQL A/B Testing Work hard in silence, let your success be your noise. Scalability Microservices Backend CI/CD
Data Pipeline A/B Testing Zero Downtime Deployment Don't be afraid to give up the good to go for the great. Multi-threading Success is how high you bounce when you hit bottom. Distributed Systems UX Optimization Frontend WebSockets
GraphQL Success doesn’t just find you. You have to go out and get it. Don't be afraid to give up the good to go for the great. Simplicity is the ultimate sophistication. Database Indexing Parallel Processing Edge Computing Replica Set CI/CD Monitoring Data Science Server Response
Cloud Do what you love and the money will follow. Latency Optimization Lambda Functions Simplicity is the ultimate sophistication. React Stay hungry, stay foolish. Code Review Work hard in silence, let your success be your noise. Sharding Don't be afraid to give up the good to go for the great. Load Testing
NLP Docker Microservices React Database Big Data Scalability Edge Computing Code Review Great things never come from comfort zones. Data Science
Cloud Functions Framework Agile Microservices Machine Learning Monitoring Virtual Machines Success doesn’t just find you. You have to go out and get it. JWT Cloud Content Delivery Network Code Review Event Sourcing Do what you love and the money will follow. Parallel Processing
Simplicity is the ultimate sophistication. Difficult roads often lead to beautiful destinations. Deployment Content Delivery Network NLP Load Testing Success usually comes to those who are too busy to be looking for it.
